// !$*UTF8*$!
{
	archiveVersion = 1;
	classes = {
	};
	objectVersion = 56;
	objects = {

/* Begin PBXBuildFile section */
		E7F4BB702A7EE06E0091C7FB /* AppDelegate.swift in Sources */ = {isa = PBXBuildFile; fileRef = E7F4BB6F2A7EE06E0091C7FB /* AppDelegate.swift */; };
		E7F4BB722A7EE06E0091C7FB /* SceneDelegate.swift in Sources */ = {isa = PBXBuildFile; fileRef = E7F4BB712A7EE06E0091C7FB /* SceneDelegate.swift */; };
		E7F4BB742A7EE06E0091C7FB /* CalculateViewController.swift in Sources */ = {isa = PBXBuildFile; fileRef = E7F4BB732A7EE06E0091C7FB /* CalculateViewController.swift */; };
		E7F4BB772A7EE06E0091C7FB /* Main.storyboard in Resources */ = {isa = PBXBuildFile; fileRef = E7F4BB752A7EE06E0091C7FB /* Main.storyboard */; };
		E7F4BB792A7EE0720091C7FB /* Assets.xcassets in Resources */ = {isa = PBXBuildFile; fileRef = E7F4BB782A7EE0720091C7FB /* Assets.xcassets */; };
		E7F4BB7C2A7EE0720091C7FB /* LaunchScreen.storyboard in Resources */ = {isa = PBXBuildFile; fileRef = E7F4BB7A2A7EE0720091C7FB /* LaunchScreen.storyboard */; };
		E7F4BBA12A7FDCC00091C7FB /* ResultViewController.swift in Sources */ = {isa = PBXBuildFile; fileRef = E7F4BBA02A7FDCC00091C7FB /* ResultViewController.swift */; };
		E7F4BBA32A7FF3EC0091C7FB /* CalculatorBrain.swift in Sources */ = {isa = PBXBuildFile; fileRef = E7F4BBA22A7FF3EC0091C7FB /* CalculatorBrain.swift */; };
/* End PBXBuildFile section */

/* Begin PBXFileReference section */
		E7F4BB6C2A7EE06E0091C7FB /* bmi-calculator.app */ = {isa = PBXFileReference; explicitFileType = wrapper.application; includeInIndex = 0; path = "bmi-calculator.app"; sourceTree = BUILT_PRODUCTS_DIR; };
		E7F4BB6F2A7EE06E0091C7FB /* AppDelegate.swift */ = {isa = PBXFileReference; lastKnownFileType = sourcecode.swift; path = AppDelegate.swift; sourceTree = "<group>"; };
		E7F4BB712A7EE06E0091C7FB /* SceneDelegate.swift */ = {isa = PBXFileReference; lastKnownFileType = sourcecode.swift; path = SceneDelegate.swift; sourceTree = "<group>"; };
		E7F4BB732A7EE06E0091C7FB /* CalculateViewController.swift */ = {isa = PBXFileReference; lastKnownFileType = sourcecode.swift; path = CalculateViewController.swift; sourceTree = "<group>"; };
		E7F4BB762A7EE06E0091C7FB /* Base */ = {isa = PBXFileReference; lastKnownFileType = file.storyboard; name = Base; path = Base.lproj/Main.storyboard; sourceTree = "<group>"; };
		E7F4BB782A7EE0720091C7FB /* Assets.xcassets */ = {isa = PBXFileReference; lastKnownFileType = folder.assetcatalog; path = Assets.xcassets; sourceTree = "<group>"; };
		E7F4BB7B2A7EE0720091C7FB /* Base */ = {isa = PBXFileReference; lastKnownFileType = file.storyboard; name = Base; path = Base.lproj/LaunchScreen.storyboard; sourceTree = "<group>"; };
		E7F4BB7D2A7EE0720091C7FB /* Info.plist */ = {isa = PBXFileReference; lastKnownFileType = text.plist.xml; path = Info.plist; sourceTree = "<group>"; };
		E7F4BBA02A7FDCC00091C7FB /* ResultViewController.swift */ = {isa = PBXFileReference; lastKnownFileType = sourcecode.swift; path = ResultViewController.swift; sourceTree = "<group>"; };
		E7F4BBA22A7FF3EC0091C7FB /* CalculatorBrain.swift */ = {isa = PBXFileReference; lastKnownFileType = sourcecode.swift; path = CalculatorBrain.swift; sourceTree = "<group>"; };
/* End PBXFileReference section */

/* Begin PBXFrameworksBuildPhase section */
		E7F4BB692A7EE06E0091C7FB /* Frameworks */ = {
			isa = PBXFrameworksBuildPhase;
			buildActionMask = 2147483647;
			files = (
			);
			runOnlyForDeploymentPostprocessing = 0;
		};
/* End PBXFrameworksBuildPhase section */

/* Begin PBXGroup section */
		E7F4BB632A7EE06E0091C7FB = {
			isa = PBXGroup;
			children = (
				E7F4BB6E2A7EE06E0091C7FB /* bmi-calculator */,
				E7F4BB6D2A7EE06E0091C7FB /* Products */,
			);
			sourceTree = "<group>";
		};
		E7F4BB6D2A7EE06E0091C7FB /* Products */ = {
			isa = PBXGroup;
			children = (
				E7F4BB6C2A7EE06E0091C7FB /* bmi-calculator.app */,
			);
			name = Products;
			sourceTree = "<group>";
		};
		E7F4BB6E2A7EE06E0091C7FB /* bmi-calculator */ = {
			isa = PBXGroup;
			children = (
				E7F4BB6F2A7EE06E0091C7FB /* AppDelegate.swift */,
				E7F4BB712A7EE06E0091C7FB /* SceneDelegate.swift */,
				E7F4BBA42A7FF47B0091C7FB /* Model */,
				E7F4BB9D2A7FD55F0091C7FB /* View */,
				E7F4BB9C2A7FD5560091C7FB /* Controller */,
				E7F4BB782A7EE0720091C7FB /* Assets.xcassets */,
				E7F4BB7A2A7EE0720091C7FB /* LaunchScreen.storyboard */,
				E7F4BB7D2A7EE0720091C7FB /* Info.plist */,
			);
			path = "bmi-calculator";
			sourceTree = "<group>";
		};
		E7F4BB9C2A7FD5560091C7FB /* Controller */ = {
			isa = PBXGroup;
			children = (
				E7F4BB732A7EE06E0091C7FB /* CalculateViewController.swift */,
				E7F4BBA02A7FDCC00091C7FB /* ResultViewController.swift */,
			);
			path = Controller;
			sourceTree = "<group>";
		};
		E7F4BB9D2A7FD55F0091C7FB /* View */ = {
			isa = PBXGroup;
			children = (
				E7F4BB752A7EE06E0091C7FB /* Main.storyboard */,
			);
			path = View;
			sourceTree = "<group>";
		};
		E7F4BBA42A7FF47B0091C7FB /* Model */ = {
			isa = PBXGroup;
			children = (
				E7F4BBA22A7FF3EC0091C7FB /* CalculatorBrain.swift */,
			);
			path = Model;
			sourceTree = "<group>";
		};
/* End PBXGroup section */

/* Begin PBXNativeTarget section */
		E7F4BB6B2A7EE06E0091C7FB /* bmi-calculator */ = {
			isa = PBXNativeTarget;
			buildConfigurationList = E7F4BB802A7EE0720091C7FB /* Build configuration list for PBXNativeTarget "bmi-calculator" */;
			buildPhases = (
				E7F4BB682A7EE06E0091C7FB /* Sources */,
				E7F4BB692A7EE06E0091C7FB /* Frameworks */,
				E7F4BB6A2A7EE06E0091C7FB /* Resources */,
			);
			buildRules = (
			);
			dependencies = (
			);
			name = "bmi-calculator";
			productName = "bmi-calculator";
			productReference = E7F4BB6C2A7EE06E0091C7FB /* bmi-calculator.app */;
			productType = "com.apple.product-type.application";
		};
/* End PBXNativeTarget section */

/* Begin PBXProject section */
		E7F4BB642A7EE06E0091C7FB /* Project object */ = {
			isa = PBXProject;
			attributes = {
				BuildIndependentTargetsInParallel = 1;
				LastSwiftUpdateCheck = 1500;
				LastUpgradeCheck = 1500;
				TargetAttributes = {
					E7F4BB6B2A7EE06E0091C7FB = {
						CreatedOnToolsVersion = 15.0;
					};
				};
			};
			buildConfigurationList = E7F4BB672A7EE06E0091C7FB /* Build configuration list for PBXProject "bmi-calculator" */;
			compatibilityVersion = "Xcode 14.0";
			developmentRegion = en;
			hasScannedForEncodings = 0;
			knownRegions = (
				en,
				Base,
			);
			mainGroup = E7F4BB632A7EE06E0091C7FB;
			productRefGroup = E7F4BB6D2A7EE06E0091C7FB /* Products */;
			projectDirPath = "";
			projectRoot = "";
			targets = (
				E7F4BB6B2A7EE06E0091C7FB /* bmi-calculator */,
			);
		};
/* End PBXProject section */

/* Begin PBXResourcesBuildPhase section */
		E7F4BB6A2A7EE06E0091C7FB /* Resources */ = {
			isa = PBXResourcesBuildPhase;
			buildActionMask = 2147483647;
			files = (
				E7F4BB7C2A7EE0720091C7FB /* LaunchScreen.storyboard in Resources */,
				E7F4BB792A7EE0720091C7FB /* Assets.xcassets in Resources */,
				E7F4BB772A7EE06E0091C7FB /* Main.storyboard in Resources */,
			);
			runOnlyForDeploymentPostprocessing = 0;
		};
/* End PBXResourcesBuildPhase section */

/* Begin PBXSourcesBuildPhase section */
		E7F4BB682A7EE06E0091C7FB /* Sources */ = {
			isa = PBXSourcesBuildPhase;
			buildActionMask = 2147483647;
			files = (
				E7F4BB742A7EE06E0091C7FB /* CalculateViewController.swift in Sources */,
				E7F4BB702A7EE06E0091C7FB /* AppDelegate.swift in Sources */,
				E7F4BB722A7EE06E0091C7FB /* SceneDelegate.swift in Sources */,
				E7F4BBA32A7FF3EC0091C7FB /* CalculatorBrain.swift in Sources */,
				E7F4BBA12A7FDCC00091C7FB /* ResultViewController.swift in Sources */,
			);
			runOnlyForDeploymentPostprocessing = 0;
		};
/* End PBXSourcesBuildPhase section */

/* Begin PBXVariantGroup section */
		E7F4BB752A7EE06E0091C7FB /* Main.storyboard */ = {
			isa = PBXVariantGroup;
			children = (
				E7F4BB762A7EE06E0091C7FB /* Base */,
			);
			name = Main.storyboard;
			sourceTree = "<group>";
		};
		E7F4BB7A2A7EE0720091C7FB /* LaunchScreen.storyboard */ = {
			isa = PBXVariantGroup;
			children = (
				E7F4BB7B2A7EE0720091C7FB /* Base */,
			);
			name = LaunchScreen.storyboard;
			sourceTree = "<group>";
		};
/* End PBXVariantGroup section */

/* Begin XCBuildConfiguration section */
		E7F4BB7E2A7EE0720091C7FB /* Debug */ = {
			isa = XCBuildConfiguration;
			buildSettings = {
				ALWAYS_SEARCH_USER_PATHS = NO;
				ASSETCATALOG_COMPILER_GENERATE_SWIFT_ASSET_SYMBOL_EXTENSIONS = YES;
				CLANG_ANALYZER_NONNULL = YES;
				CLANG_ANALYZER_NUMBER_OBJECT_CONVERSION = YES_AGGRESSIVE;
				CLANG_CXX_LANGUAGE_STANDARD = "gnu++20";
				CLANG_ENABLE_MODULES = YES;
				CLANG_ENABLE_OBJC_ARC = YES;
				CLANG_ENABLE_OBJC_WEAK = YES;
				CLANG_WARN_BLOCK_CAPTURE_AUTORELEASING = YES;
				CLANG_WARN_BOOL_CONVERSION = YES;
				CLANG_WARN_COMMA = YES;
				CLANG_WARN_CONSTANT_CONVERSION = YES;
				CLANG_WARN_DEPRECATED_OBJC_IMPLEMENTATIONS = YES;
				CLANG_WARN_DIRECT_OBJC_ISA_USAGE = YES_ERROR;
				CLANG_WARN_DOCUMENTATION_COMMENTS = YES;
				CLANG_WARN_EMPTY_BODY = YES;
				CLANG_WARN_ENUM_CONVERSION = YES;
				CLANG_WARN_INFINITE_RECURSION = YES;
				CLANG_WARN_INT_CONVERSION = YES;
				CLANG_WARN_NON_LITERAL_NULL_CONVERSION = YES;
				CLANG_WARN_OBJC_IMPLICIT_RETAIN_SELF = YES;
				CLANG_WARN_OBJC_LITERAL_CONVERSION = YES;
				CLANG_WARN_OBJC_ROOT_CLASS = YES_ERROR;
				CLANG_WARN_QUOTED_INCLUDE_IN_FRAMEWORK_HEADER = YES;
				CLANG_WARN_RANGE_LOOP_ANALYSIS = YES;
				CLANG_WARN_STRICT_PROTOTYPES = YES;
				CLANG_WARN_SUSPICIOUS_MOVE = YES;
				CLANG_WARN_UNGUARDED_AVAILABILITY = YES_AGGRESSIVE;
				CLANG_WARN_UNREACHABLE_CODE = YES;
				CLANG_WARN__DUPLICATE_METHOD_MATCH = YES;
				COPY_PHASE_STRIP = NO;
				DEBUG_INFORMATION_FORMAT = dwarf;
				ENABLE_STRICT_OBJC_MSGSEND = YES;
				ENABLE_TESTABILITY = YES;
				ENABLE_USER_SCRIPT_SANDBOXING = YES;
				GCC_C_LANGUAGE_STANDARD = gnu17;
				GCC_DYNAMIC_NO_PIC = NO;
				GCC_NO_COMMON_BLOCKS = YES;
				GCC_OPTIMIZATION_LEVEL = 0;
				GCC_PREPROCESSOR_DEFINITIONS = (
					"DEBUG=1",
					"$(inherited)",
				);
				GCC_WARN_64_TO_32_BIT_CONVERSION = YES;
				GCC_WARN_ABOUT_RETURN_TYPE = YES_ERROR;
				GCC_WARN_UNDECLARED_SELECTOR = YES;
				GCC_WARN_UNINITIALIZED_AUTOS = YES_AGGRESSIVE;
				GCC_WARN_UNUSED_FUNCTION = YES;
				GCC_WARN_UNUSED_VARIABLE = YES;
				IPHONEOS_DEPLOYMENT_TARGET = 17.0;
				LOCALIZATION_PREFERS_STRING_CATALOGS = YES;
				MTL_ENABLE_DEBUG_INFO = INCLUDE_SOURCE;
				MTL_FAST_MATH = YES;
				ONLY_ACTIVE_ARCH = YES;
				SDKROOT = iphoneos;
				SWIFT_ACTIVE_COMPILATION_CONDITIONS = "DEBUG $(inherited)";
				SWIFT_OPTIMIZATION_LEVEL = "-Onone";
			};
			name = Debug;
		};
		E7F4BB7F2A7EE0720091C7FB /* Release */ = {
			isa = XCBuildConfiguration;
			buildSettings = {
				ALWAYS_SEARCH_USER_PATHS = NO;
				ASSETCATALOG_COMPILER_GENERATE_SWIFT_ASSET_SYMBOL_EXTENSIONS = YES;
				CLANG_ANALYZER_NONNULL = YES;
				CLANG_ANALYZER_NUMBER_OBJECT_CONVERSION = YES_AGGRESSIVE;
				CLANG_CXX_LANGUAGE_STANDARD = "gnu++20";
				CLANG_ENABLE_MODULES = YES;
				CLANG_ENABLE_OBJC_ARC = YES;
				CLANG_ENABLE_OBJC_WEAK = YES;
				CLANG_WARN_BLOCK_CAPTURE_AUTORELEASING = YES;
				CLANG_WARN_BOOL_CONVERSION = YES;
				CLANG_WARN_COMMA = YES;
				CLANG_WARN_CONSTANT_CONVERSION = YES;
				CLANG_WARN_DEPRECATED_OBJC_IMPLEMENTATIONS = YES;
				CLANG_WARN_DIRECT_OBJC_ISA_USAGE = YES_ERROR;
				CLANG_WARN_DOCUMENTATION_COMMENTS = YES;
				CLANG_WARN_EMPTY_BODY = YES;
				CLANG_WARN_ENUM_CONVERSION = YES;
				CLANG_WARN_INFINITE_RECURSION = YES;
				CLANG_WARN_INT_CONVERSION = YES;
				CLANG_WARN_NON_LITERAL_NULL_CONVERSION = YES;
				CLANG_WARN_OBJC_IMPLICIT_RETAIN_SELF = YES;
				CLANG_WARN_OBJC_LITERAL_CONVERSION = YES;
				CLANG_WARN_OBJC_ROOT_CLASS = YES_ERROR;
				CLANG_WARN_QUOTED_INCLUDE_IN_FRAMEWORK_HEADER = YES;
				CLANG_WARN_RANGE_LOOP_ANALYSIS = YES;
				CLANG_WARN_STRICT_PROTOTYPES = YES;
				CLANG_WARN_SUSPICIOUS_MOVE = YES;
				CLANG_WARN_UNGUARDED_AVAILABILITY = YES_AGGRESSIVE;
				CLANG_WARN_UNREACHABLE_CODE = YES;
				CLANG_WARN__DUPLICATE_METHOD_MATCH = YES;
				COPY_PHASE_STRIP = NO;
				DEBUG_INFORMATION_FORMAT = "dwarf-with-dsym";
				ENABLE_NS_ASSERTIONS = NO;
				ENABLE_STRICT_OBJC_MSGSEND = YES;
				ENABLE_USER_SCRIPT_SANDBOXING = YES;
				GCC_C_LANGUAGE_STANDARD = gnu17;
				GCC_NO_COMMON_BLOCKS = YES;
				GCC_WARN_64_TO_32_BIT_CONVERSION = YES;
				GCC_WARN_ABOUT_RETURN_TYPE = YES_ERROR;
				GCC_WARN_UNDECLARED_SELECTOR = YES;
				GCC_WARN_UNINITIALIZED_AUTOS = YES_AGGRESSIVE;
				GCC_WARN_UNUSED_FUNCTION = YES;
				GCC_WARN_UNUSED_VARIABLE = YES;
				IPHONEOS_DEPLOYMENT_TARGET = 17.0;
				LOCALIZATION_PREFERS_STRING_CATALOGS = YES;
				MTL_ENABLE_DEBUG_INFO = NO;
				MTL_FAST_MATH = YES;
				SDKROOT = iphoneos;
				SWIFT_COMPILATION_MODE = wholemodule;
				VALIDATE_PRODUCT = YES;
			};
			name = Release;
		};
		E7F4BB812A7EE0720091C7FB /* Debug */ = {
			isa = XCBuildConfiguration;
			buildSettings = {
				ASSETCATALOG_COMPILER_APPICON_NAME = AppIcon;
				ASSETCATALOG_COMPILER_GLOBAL_ACCENT_COLOR_NAME = AccentColor;
				CODE_SIGN_STYLE = Automatic;
				CURRENT_PROJECT_VERSION = 1;
				DEVELOPMENT_TEAM = JDW547296P;
				GENERATE_INFOPLIST_FILE = YES;
				INFOPLIST_FILE = "bmi-calculator/Info.plist";
				INFOPLIST_KEY_UIApplicationSupportsIndirectInputEvents = YES;
				INFOPLIST_KEY_UILaunchStoryboardName = LaunchScreen;
				INFOPLIST_KEY_UIMainStoryboardFile = Main;
				INFOPLIST_KEY_UISupportedInterfaceOrientations_iPad = "UIInterfaceOrientationPortrait UIInterfaceOrientationPortraitUpsideDown UIInterfaceOrientationLandscapeLeft UIInterfaceOrientationLandscapeRight";
				INFOPLIST_KEY_UISupportedInterfaceOrientations_iPhone = "UIInterfaceOrientationPortrait UIInterfaceOrientationLandscapeLeft UIInterfaceOrientationLandscapeRight";
				LD_RUNPATH_SEARCH_PATHS = (
					"$(inherited)",
					"@executable_path/Frameworks",
				);
				MARKETING_VERSION = 1.0;
				PRODUCT_BUNDLE_IDENTIFIER = "com.darisova.bmi-calculator";
				PRODUCT_NAME = "$(TARGET_NAME)";
				SWIFT_EMIT_LOC_STRINGS = YES;
				SWIFT_VERSION = 5.0;
				TARGETED_DEVICE_FAMILY = "1,2";
			};
			name = Debug;
		};
		E7F4BB822A7EE0720091C7FB /* Release */ = {
			isa = XCBuildConfiguration;
			buildSettings = {
				ASSETCATALOG_COMPILER_APPICON_NAME = AppIcon;
				ASSETCATALOG_COMPILER_GLOBAL_ACCENT_COLOR_NAME = AccentColor;
				CODE_SIGN_STYLE = Automatic;
				CURRENT_PROJECT_VERSION = 1;
				DEVELOPMENT_TEAM = JDW547296P;
				GENERATE_INFOPLIST_FILE = YES;
				INFOPLIST_FILE = "bmi-calculator/Info.plist";
				INFOPLIST_KEY_UIApplicationSupportsIndirectInputEvents = YES;
				INFOPLIST_KEY_UILaunchStoryboardName = LaunchScreen;
				INFOPLIST_KEY_UIMainStoryboardFile = Main;
				INFOPLIST_KEY_UISupportedInterfaceOrientations_iPad = "UIInterfaceOrientationPortrait UIInterfaceOrientationPortraitUpsideDown UIInterfaceOrientationLandscapeLeft UIInterfaceOrientationLandscapeRight";
				INFOPLIST_KEY_UISupportedInterfaceOrientations_iPhone = "UIInterfaceOrientationPortrait UIInterfaceOrientationLandscapeLeft UIInterfaceOrientationLandscapeRight";
				LD_RUNPATH_SEARCH_PATHS = (
					"$(inherited)",
					"@executable_path/Frameworks",
				);
				MARKETING_VERSION = 1.0;
				PRODUCT_BUNDLE_IDENTIFIER = "com.darisova.bmi-calculator";
				PRODUCT_NAME = "$(TARGET_NAME)";
				SWIFT_EMIT_LOC_STRINGS = YES;
				SWIFT_VERSION = 5.0;
				TARGETED_DEVICE_FAMILY = "1,2";
			};
			name = Release;
		};
/* End XCBuildConfiguration section */

/* Begin XCConfigurationList section */
		E7F4BB672A7EE06E0091C7FB /* Build configuration list for PBXProject "bmi-calculator" */ = {
			isa = XCConfigurationList;
			buildConfigurations = (
				E7F4BB7E2A7EE0720091C7FB /* Debug */,
				E7F4BB7F2A7EE0720091C7FB /* Release */,
			);
			defaultConfigurationIsVisible = 0;
			defaultConfigurationName = Release;
		};
		E7F4BB802A7EE0720091C7FB /* Build configuration list for PBXNativeTarget "bmi-calculator" */ = {
			isa = XCConfigurationList;
			buildConfigurations = (
				E7F4BB812A7EE0720091C7FB /* Debug */,
				E7F4BB822A7EE0720091C7FB /* Release */,
			);
			defaultConfigurationIsVisible = 0;
			defaultConfigurationName = Release;
		};
/* End XCConfigurationList section */
	};
	rootObject = E7F4BB642A7EE06E0091C7FB /* Project object */;
}
